PODS:
  - BothamNetworking (2.0.0):
    - Result
    - SwiftyJSON
  - Nimble (6.1.0)
  - Nocilla (0.11.0)
  - OHHTTPStubs (6.0.0):
    - OHHTTPStubs/Default (= 6.0.0)
  - OHHTTPStubs/Core (6.0.0)
  - OHHTTPStubs/Default (6.0.0):
    - OHHTTPStubs/Core
    - OHHTTPStubs/JSON
    - OHHTTPStubs/NSURLSession
    - OHHTTPStubs/OHPathHelpers
  - OHHTTPStubs/JSON (6.0.0):
    - OHHTTPStubs/Core
  - OHHTTPStubs/NSURLSession (6.0.0):
    - OHHTTPStubs/Core
  - OHHTTPStubs/OHPathHelpers (6.0.0)
  - OHHTTPStubs/Swift (6.0.0):
    - OHHTTPStubs/Default
  - Result (3.2.1)
  - SwiftyJSON (3.1.4)

DEPENDENCIES:
  - BothamNetworking
  - Nimble
  - Nocilla
  - OHHTTPStubs
  - OHHTTPStubs/Swift

SPEC CHECKSUMS:
  BothamNetworking: ca91ad12113d8fae57aecec3a785008a81fcb22e
  Nimble: c53e6903fee94041b90ded74f135820437d8bf59
  Nocilla: 7af7a386071150cc8aa5da4da97d060f049dd61c
  OHHTTPStubs: 752f9b11fd810a15162d50f11c06ff94f8e012eb
  Result: 2453a22e5c5b11c0c3a478736e82cd02f763b781
  SwiftyJSON: c2842d878f95482ffceec5709abc3d05680c0220

PODFILE CHECKSUM: cc7d0953a3036b384e93ad854dd6b704bc7ff0ed

COCOAPODS: 1.2.0
